
Microsoft Visual Studio Solution File, Format Version 12.00
# Visual Studio Version 17
VisualStudioVersion = 17.0.31903.59
MinimumVisualStudioVersion = 10.0.40219.1
Project("{FAE04EC0-301F-11D3-BF4B-00C04F79EFBC}") = "eStore", "eStore\eStore.csproj", "{477E015D-9395-4F8A-924E-C620BA9A1E2F}"
EndProject
Project("{FAE04EC0-301F-11D3-BF4B-00C04F79EFBC}") = "BOL", "BOL\BOL.csproj", "{2D0C528E-AD9F-4504-9D50-93CB6F1766ED}"
EndProject
Project("{FAE04EC0-301F-11D3-BF4B-00C04F79EFBC}") = "DAL", "DAL\DAL.csproj", "{03C3C1FE-1DE9-42A8-B0DE-DDBD7633B284}"
EndProject
Project("{FAE04EC0-301F-11D3-BF4B-00C04F79EFBC}") = "SAL", "SAL\SAL.csproj", "{412D0678-603A-48B1-98BF-C370ABB18AE0}"
EndProject
Global
	GlobalSection(SolutionConfigurationPlatforms) = preSolution
		Debug|Any CPU = Debug|Any CPU
		Release|Any CPU = Release|Any CPU
	EndGlobalSection
	GlobalSection(SolutionProperties) = preSolution
		HideSolutionNode = FALSE
	EndGlobalSection
	GlobalSection(ProjectConfigurationPlatforms) = postSolution
		{477E015D-9395-4F8A-924E-C620BA9A1E2F}.Debug|Any CPU.ActiveCfg = Debug|Any CPU
		{477E015D-9395-4F8A-924E-C620BA9A1E2F}.Debug|Any CPU.Build.0 = Debug|Any CPU
		{477E015D-9395-4F8A-924E-C620BA9A1E2F}.Release|Any CPU.ActiveCfg = Release|Any CPU
		{477E015D-9395-4F8A-924E-C620BA9A1E2F}.Release|Any CPU.Build.0 = Release|Any CPU
		{2D0C528E-AD9F-4504-9D50-93CB6F1766ED}.Debug|Any CPU.ActiveCfg = Debug|Any CPU
		{2D0C528E-AD9F-4504-9D50-93CB6F1766ED}.Debug|Any CPU.Build.0 = Debug|Any CPU
		{2D0C528E-AD9F-4504-9D50-93CB6F1766ED}.Release|Any CPU.ActiveCfg = Release|Any CPU
		{2D0C528E-AD9F-4504-9D50-93CB6F1766ED}.Release|Any CPU.Build.0 = Release|Any CPU
		{03C3C1FE-1DE9-42A8-B0DE-DDBD7633B284}.Debug|Any CPU.ActiveCfg = Debug|Any CPU
		{03C3C1FE-1DE9-42A8-B0DE-DDBD7633B284}.Debug|Any CPU.Build.0 = Debug|Any CPU
		{03C3C1FE-1DE9-42A8-B0DE-DDBD7633B284}.Release|Any CPU.ActiveCfg = Release|Any CPU
		{03C3C1FE-1DE9-42A8-B0DE-DDBD7633B284}.Release|Any CPU.Build.0 = Release|Any CPU
		{412D0678-603A-48B1-98BF-C370ABB18AE0}.Debug|Any CPU.ActiveCfg = Debug|Any CPU
		{412D0678-603A-48B1-98BF-C370ABB18AE0}.Debug|Any CPU.Build.0 = Debug|Any CPU
		{412D0678-603A-48B1-98BF-C370ABB18AE0}.Release|Any CPU.ActiveCfg = Release|Any CPU
		{412D0678-603A-48B1-98BF-C370ABB18AE0}.Release|Any CPU.Build.0 = Release|Any CPU
	EndGlobalSection
EndGlobal
